// !$*UTF8*$!
{
	archiveVersion = 1;
	classes = {
	};
	objectVersion = 46;
	objects = {

/* Begin PBXBuildFile section */
		895C12751DC3CDB100B45F3E /* AppDelegate.swift in Sources */ = {isa = PBXBuildFile; fileRef = 895C12741DC3CDB100B45F3E /* AppDelegate.swift */; };
		895C12771DC3CDB100B45F3E /* ViewController.swift in Sources */ = {isa = PBXBuildFile; fileRef = 895C12761DC3CDB100B45F3E /* ViewController.swift */; };
		895C127A1DC3CDB100B45F3E /* Main.storyboard in Resources */ = {isa = PBXBuildFile; fileRef = 895C12781DC3CDB100B45F3E /* Main.storyboard */; };
		895C127C1DC3CDB100B45F3E /* Assets.xcassets in Resources */ = {isa = PBXBuildFile; fileRef = 895C127B1DC3CDB100B45F3E /* Assets.xcassets */; };
		895C127F1DC3CDB100B45F3E /* LaunchScreen.storyboard in Resources */ = {isa = PBXBuildFile; fileRef = 895C127D1DC3CDB100B45F3E /* LaunchScreen.storyboard */; };
		895C128A1DC3CDB100B45F3E /* firstappTests.swift in Sources */ = {isa = PBXBuildFile; fileRef = 895C12891DC3CDB100B45F3E /* firstappTests.swift */; };
		895C12951DC3CDB100B45F3E /* firstappUITests.swift in Sources */ = {isa = PBXBuildFile; fileRef = 895C12941DC3CDB100B45F3E /* firstappUITests.swift */; };
/* End PBXBuildFile section */

/* Begin PBXContainerItemProxy section */
		895C12861DC3CDB100B45F3E /* PBXContainerItemProxy */ = {
			isa = PBXContainerItemProxy;
			containerPortal = 895C12691DC3CDB100B45F3E /* Project object */;
			proxyType = 1;
			remoteGlobalIDString = 895C12701DC3CDB100B45F3E;
			remoteInfo = firstapp;
		};
		895C12911DC3CDB100B45F3E /* PBXContainerItemProxy */ = {
			isa = PBXContainerItemProxy;
			containerPortal = 895C12691DC3CDB100B45F3E /* Project object */;
			proxyType = 1;
			remoteGlobalIDString = 895C12701DC3CDB100B45F3E;
			remoteInfo = firstapp;
		};
/* End PBXContainerItemProxy section */

/* Begin PBXFileReference section */
		895C12711DC3CDB100B45F3E /* firstapp.app */ = {isa = PBXFileReference; explicitFileType = wrapper.application; includeInIndex = 0; path = firstapp.app; sourceTree = BUILT_PRODUCTS_DIR; };
		895C12741DC3CDB100B45F3E /* AppDelegate.swift */ = {isa = PBXFileReference; lastKnownFileType = sourcecode.swift; path = AppDelegate.swift; sourceTree = "<group>"; };
		895C12761DC3CDB100B45F3E /* ViewController.swift */ = {isa = PBXFileReference; lastKnownFileType = sourcecode.swift; path = ViewController.swift; sourceTree = "<group>"; };
		895C12791DC3CDB100B45F3E /* Base */ = {isa = PBXFileReference; lastKnownFileType = file.storyboard; name = Base; path = Base.lproj/Main.storyboard; sourceTree = "<group>"; };
		895C127B1DC3CDB100B45F3E /* Assets.xcassets */ = {isa = PBXFileReference; lastKnownFileType = folder.assetcatalog; path = Assets.xcassets; sourceTree = "<group>"; };
		895C127E1DC3CDB100B45F3E /* Base */ = {isa = PBXFileReference; lastKnownFileType = file.storyboard; name = Base; path = Base.lproj/LaunchScreen.storyboard; sourceTree = "<group>"; };
		895C12801DC3CDB100B45F3E /* Info.plist */ = {isa = PBXFileReference; lastKnownFileType = text.plist.xml; path = Info.plist; sourceTree = "<group>"; };
		895C12851DC3CDB100B45F3E /* firstappTests.xctest */ = {isa = PBXFileReference; explicitFileType = wrapper.cfbundle; includeInIndex = 0; path = firstappTests.xctest; sourceTree = BUILT_PRODUCTS_DIR; };
		895C12891DC3CDB100B45F3E /* firstappTests.swift */ = {isa = PBXFileReference; lastKnownFileType = sourcecode.swift; path = firstappTests.swift; sourceTree = "<group>"; };
		895C128B1DC3CDB100B45F3E /* Info.plist */ = {isa = PBXFileReference; lastKnownFileType = text.plist.xml; path = Info.plist; sourceTree = "<group>"; };
		895C12901DC3CDB100B45F3E /* firstappUITests.xctest */ = {isa = PBXFileReference; explicitFileType = wrapper.cfbundle; includeInIndex = 0; path = firstappUITests.xctest; sourceTree = BUILT_PRODUCTS_DIR; };
		895C12941DC3CDB100B45F3E /* firstappUITests.swift */ = {isa = PBXFileReference; lastKnownFileType = sourcecode.swift; path = firstappUITests.swift; sourceTree = "<group>"; };
		895C12961DC3CDB100B45F3E /* Info.plist */ = {isa = PBXFileReference; lastKnownFileType = text.plist.xml; path = Info.plist; sourceTree = "<group>"; };
/* End PBXFileReference section */

/* Begin PBXFrameworksBuildPhase section */
		895C126E1DC3CDB100B45F3E /* Frameworks */ = {
			isa = PBXFrameworksBuildPhase;
			buildActionMask = 2147483647;
			files = (
			);
			runOnlyForDeploymentPostprocessing = 0;
		};
		895C12821DC3CDB100B45F3E /* Frameworks */ = {
			isa = PBXFrameworksBuildPhase;
			buildActionMask = 2147483647;
			files = (
			);
			runOnlyForDeploymentPostprocessing = 0;
		};
		895C128D1DC3CDB100B45F3E /* Frameworks */ = {
			isa = PBXFrameworksBuildPhase;
			buildActionMask = 2147483647;
			files = (
			);
			runOnlyForDeploymentPostprocessing = 0;
		};
/* End PBXFrameworksBuildPhase section */

/* Begin PBXGroup section */
		895C12681DC3CDB100B45F3E = {
			isa = PBXGroup;
			children = (
				895C12731DC3CDB100B45F3E /* firstapp */,
				895C12881DC3CDB100B45F3E /* firstappTests */,
				895C12931DC3CDB100B45F3E /* firstappUITests */,
				895C12721DC3CDB100B45F3E /* Products */,
			);
			sourceTree = "<group>";
		};
		895C12721DC3CDB100B45F3E /* Products */ = {
			isa = PBXGroup;
			children = (
				895C12711DC3CDB100B45F3E /* firstapp.app */,
				895C12851DC3CDB100B45F3E /* firstappTests.xctest */,
				895C12901DC3CDB100B45F3E /* firstappUITests.xctest */,
			);
			name = Products;
			sourceTree = "<group>";
		};
		895C12731DC3CDB100B45F3E /* firstapp */ = {
			isa = PBXGroup;
			children = (
				895C12741DC3CDB100B45F3E /* AppDelegate.swift */,
				895C12761DC3CDB100B45F3E /* ViewController.swift */,
				895C12781DC3CDB100B45F3E /* Main.storyboard */,
				895C127B1DC3CDB100B45F3E /* Assets.xcassets */,
				895C127D1DC3CDB100B45F3E /* LaunchScreen.storyboard */,
				895C12801DC3CDB100B45F3E /* Info.plist */,
			);
			path = firstapp;
			sourceTree = "<group>";
		};
		895C12881DC3CDB100B45F3E /* firstappTests */ = {
			isa = PBXGroup;
			children = (
				895C12891DC3CDB100B45F3E /* firstappTests.swift */,
				895C128B1DC3CDB100B45F3E /* Info.plist */,
			);
			path = firstappTests;
			sourceTree = "<group>";
		};
		895C12931DC3CDB100B45F3E /* firstappUITests */ = {
			isa = PBXGroup;
			children = (
				895C12941DC3CDB100B45F3E /* firstappUITests.swift */,
				895C12961DC3CDB100B45F3E /* Info.plist */,
			);
			path = firstappUITests;
			sourceTree = "<group>";
		};
/* End PBXGroup section */

/* Begin PBXNativeTarget section */
		895C12701DC3CDB100B45F3E /* firstapp */ = {
			isa = PBXNativeTarget;
			buildConfigurationList = 895C12991DC3CDB100B45F3E /* Build configuration list for PBXNativeTarget "firstapp" */;
			buildPhases = (
				895C126D1DC3CDB100B45F3E /* Sources */,
				895C126E1DC3CDB100B45F3E /* Frameworks */,
				895C126F1DC3CDB100B45F3E /* Resources */,
			);
			buildRules = (
			);
			dependencies = (
			);
			name = firstapp;
			productName = firstapp;
			productReference = 895C12711DC3CDB100B45F3E /* firstapp.app */;
			productType = "com.apple.product-type.application";
		};
		895C12841DC3CDB100B45F3E /* firstappTests */ = {
			isa = PBXNativeTarget;
			buildConfigurationList = 895C129C1DC3CDB100B45F3E /* Build configuration list for PBXNativeTarget "firstappTests" */;
			buildPhases = (
				895C12811DC3CDB100B45F3E /* Sources */,
				895C12821DC3CDB100B45F3E /* Frameworks */,
				895C12831DC3CDB100B45F3E /* Resources */,
			);
			buildRules = (
			);
			dependencies = (
				895C12871DC3CDB100B45F3E /* PBXTargetDependency */,
			);
			name = firstappTests;
			productName = firstappTests;
			productReference = 895C12851DC3CDB100B45F3E /* firstappTests.xctest */;
			productType = "com.apple.product-type.bundle.unit-test";
		};
		895C128F1DC3CDB100B45F3E /* firstappUITests */ = {
			isa = PBXNativeTarget;
			buildConfigurationList = 895C129F1DC3CDB100B45F3E /* Build configuration list for PBXNativeTarget "firstappUITests" */;
			buildPhases = (
				895C128C1DC3CDB100B45F3E /* Sources */,
				895C128D1DC3CDB100B45F3E /* Frameworks */,
				895C128E1DC3CDB100B45F3E /* Resources */,
			);
			buildRules = (
			);
			dependencies = (
				895C12921DC3CDB100B45F3E /* PBXTargetDependency */,
			);
			name = firstappUITests;
			productName = firstappUITests;
			productReference = 895C12901DC3CDB100B45F3E /* firstappUITests.xctest */;
			productType = "com.apple.product-type.bundle.ui-testing";
		};
/* End PBXNativeTarget section */

/* Begin PBXProject section */
		895C12691DC3CDB100B45F3E /* Project object */ = {
			isa = PBXProject;
			attributes = {
				LastSwiftUpdateCheck = 0810;
				LastUpgradeCheck = 0810;
				ORGANIZATIONNAME = "Junior Garcia";
				TargetAttributes = {
					895C12701DC3CDB100B45F3E = {
						CreatedOnToolsVersion = 8.1;
						DevelopmentTeam = KA38Q2K345;
						ProvisioningStyle = Automatic;
					};
					895C12841DC3CDB100B45F3E = {
						CreatedOnToolsVersion = 8.1;
						DevelopmentTeam = KA38Q2K345;
						ProvisioningStyle = Automatic;
						TestTargetID = 895C12701DC3CDB100B45F3E;
					};
					895C128F1DC3CDB100B45F3E = {
						CreatedOnToolsVersion = 8.1;
						DevelopmentTeam = KA38Q2K345;
						ProvisioningStyle = Automatic;
						TestTargetID = 895C12701DC3CDB100B45F3E;
					};
				};
			};
			buildConfigurationList = 895C126C1DC3CDB100B45F3E /* Build configuration list for PBXProject "firstapp" */;
			compatibilityVersion = "Xcode 3.2";
			developmentRegion = English;
			hasScannedForEncodings = 0;
			knownRegions = (
				en,
				Base,
			);
			mainGroup = 895C12681DC3CDB100B45F3E;
			productRefGroup = 895C12721DC3CDB100B45F3E /* Products */;
			projectDirPath = "";
			projectRoot = "";
			targets = (
				895C12701DC3CDB100B45F3E /* firstapp */,
				895C12841DC3CDB100B45F3E /* firstappTests */,
				895C128F1DC3CDB100B45F3E /* firstappUITests */,
			);
		};
/* End PBXProject section */

/* Begin PBXResourcesBuildPhase section */
		895C126F1DC3CDB100B45F3E /* Resources */ = {
			isa = PBXResourcesBuildPhase;
			buildActionMask = 2147483647;
			files = (
				895C127F1DC3CDB100B45F3E /* LaunchScreen.storyboard in Resources */,
				895C127C1DC3CDB100B45F3E /* Assets.xcassets in Resources */,
				895C127A1DC3CDB100B45F3E /* Main.storyboard in Resources */,
			);
			runOnlyForDeploymentPostprocessing = 0;
		};
		895C12831DC3CDB100B45F3E /* Resources */ = {
			isa = PBXResourcesBuildPhase;
			buildActionMask = 2147483647;
			files = (
			);
			runOnlyForDeploymentPostprocessing = 0;
		};
		895C128E1DC3CDB100B45F3E /* Resources */ = {
			isa = PBXResourcesBuildPhase;
			buildActionMask = 2147483647;
			files = (
			);
			runOnlyForDeploymentPostprocessing = 0;
		};
/* End PBXResourcesBuildPhase section */

/* Begin PBXSourcesBuildPhase section */
		895C126D1DC3CDB100B45F3E /* Sources */ = {
			isa = PBXSourcesBuildPhase;
			buildActionMask = 2147483647;
			files = (
				895C12771DC3CDB100B45F3E /* ViewController.swift in Sources */,
				895C12751DC3CDB100B45F3E /* AppDelegate.swift in Sources */,
			);
			runOnlyForDeploymentPostprocessing = 0;
		};
		895C12811DC3CDB100B45F3E /* Sources */ = {
			isa = PBXSourcesBuildPhase;
			buildActionMask = 2147483647;
			files = (
				895C128A1DC3CDB100B45F3E /* firstappTests.swift in Sources */,
			);
			runOnlyForDeploymentPostprocessing = 0;
		};
		895C128C1DC3CDB100B45F3E /* Sources */ = {
			isa = PBXSourcesBuildPhase;
			buildActionMask = 2147483647;
			files = (
				895C12951DC3CDB100B45F3E /* firstappUITests.swift in Sources */,
			);
			runOnlyForDeploymentPostprocessing = 0;
		};
/* End PBXSourcesBuildPhase section */

/* Begin PBXTargetDependency section */
		895C12871DC3CDB100B45F3E /* PBXTargetDependency */ = {
			isa = PBXTargetDependency;
			target = 895C12701DC3CDB100B45F3E /* firstapp */;
			targetProxy = 895C12861DC3CDB100B45F3E /* PBXContainerItemProxy */;
		};
		895C12921DC3CDB100B45F3E /* PBXTargetDependency */ = {
			isa = PBXTargetDependency;
			target = 895C12701DC3CDB100B45F3E /* firstapp */;
			targetProxy = 895C12911DC3CDB100B45F3E /* PBXContainerItemProxy */;
		};
/* End PBXTargetDependency section */

/* Begin PBXVariantGroup section */
		895C12781DC3CDB100B45F3E /* Main.storyboard */ = {
			isa = PBXVariantGroup;
			children = (
				895C12791DC3CDB100B45F3E /* Base */,
			);
			name = Main.storyboard;
			sourceTree = "<group>";
		};
		895C127D1DC3CDB100B45F3E /* LaunchScreen.storyboard */ = {
			isa = PBXVariantGroup;
			children = (
				895C127E1DC3CDB100B45F3E /* Base */,
			);
			name = LaunchScreen.storyboard;
			sourceTree = "<group>";
		};
/* End PBXVariantGroup section */

/* Begin XCBuildConfiguration section */
		895C12971DC3CDB100B45F3E /* Debug */ = {
			isa = XCBuildConfiguration;
			buildSettings = {
				ALWAYS_SEARCH_USER_PATHS = NO;
				CLANG_ANALYZER_NONNULL = YES;
				CLANG_CXX_LANGUAGE_STANDARD = "gnu++0x";
				CLANG_CXX_LIBRARY = "libc++";
				CLANG_ENABLE_MODULES = YES;
				CLANG_ENABLE_OBJC_ARC = YES;
				CLANG_WARN_BOOL_CONVERSION = YES;
				CLANG_WARN_CONSTANT_CONVERSION = YES;
				CLANG_WARN_DIRECT_OBJC_ISA_USAGE = YES_ERROR;
				CLANG_WARN_DOCUMENTATION_COMMENTS = YES;
				CLANG_WARN_EMPTY_BODY = YES;
				CLANG_WARN_ENUM_CONVERSION = YES;
				CLANG_WARN_INFINITE_RECURSION = YES;
				CLANG_WARN_INT_CONVERSION = YES;
				CLANG_WARN_OBJC_ROOT_CLASS = YES_ERROR;
				CLANG_WARN_SUSPICIOUS_MOVES = YES;
				CLANG_WARN_UNREACHABLE_CODE = YES;
				CLANG_WARN__DUPLICATE_METHOD_MATCH = YES;
				"CODE_SIGN_IDENTITY[sdk=iphoneos*]" = "iPhone Developer";
				COPY_PHASE_STRIP = NO;
				DEBUG_INFORMATION_FORMAT = dwarf;
				ENABLE_STRICT_OBJC_MSGSEND = YES;
				ENABLE_TESTABILITY = YES;
				GCC_C_LANGUAGE_STANDARD = gnu99;
				GCC_DYNAMIC_NO_PIC = NO;
				GCC_NO_COMMON_BLOCKS = YES;
				GCC_OPTIMIZATION_LEVEL = 0;
				GCC_PREPROCESSOR_DEFINITIONS = (
					"DEBUG=1",
					"$(inherited)",
				);
				GCC_WARN_64_TO_32_BIT_CONVERSION = YES;
				GCC_WARN_ABOUT_RETURN_TYPE = YES_ERROR;
				GCC_WARN_UNDECLARED_SELECTOR = YES;
				GCC_WARN_UNINITIALIZED_AUTOS = YES_AGGRESSIVE;
				GCC_WARN_UNUSED_FUNCTION = YES;
				GCC_WARN_UNUSED_VARIABLE = YES;
				IPHONEOS_DEPLOYMENT_TARGET = 10.1;
				MTL_ENABLE_DEBUG_INFO = YES;
				ONLY_ACTIVE_ARCH = YES;
				SDKROOT = iphoneos;
				SWIFT_ACTIVE_COMPILATION_CONDITIONS = DEBUG;
				SWIFT_OPTIMIZATION_LEVEL = "-Onone";
				TARGETED_DEVICE_FAMILY = "1,2";
			};
			name = Debug;
		};
		895C12981DC3CDB100B45F3E /* Release */ = {
			isa = XCBuildConfiguration;
			buildSettings = {
				ALWAYS_SEARCH_USER_PATHS = NO;
				CLANG_ANALYZER_NONNULL = YES;
				CLANG_CXX_LANGUAGE_STANDARD = "gnu++0x";
				CLANG_CXX_LIBRARY = "libc++";
				CLANG_ENABLE_MODULES = YES;
				CLANG_ENABLE_OBJC_ARC = YES;
				CLANG_WARN_BOOL_CONVERSION = YES;
				CLANG_WARN_CONSTANT_CONVERSION = YES;
				CLANG_WARN_DIRECT_OBJC_ISA_USAGE = YES_ERROR;
				CLANG_WARN_DOCUMENTATION_COMMENTS = YES;
				CLANG_WARN_EMPTY_BODY = YES;
				CLANG_WARN_ENUM_CONVERSION = YES;
				CLANG_WARN_INFINITE_RECURSION = YES;
				CLANG_WARN_INT_CONVERSION = YES;
				CLANG_WARN_OBJC_ROOT_CLASS = YES_ERROR;
				CLANG_WARN_SUSPICIOUS_MOVES = YES;
				CLANG_WARN_UNREACHABLE_CODE = YES;
				CLANG_WARN__DUPLICATE_METHOD_MATCH = YES;
				"CODE_SIGN_IDENTITY[sdk=iphoneos*]" = "iPhone Developer";
				COPY_PHASE_STRIP = NO;
				DEBUG_INFORMATION_FORMAT = "dwarf-with-dsym";
				ENABLE_NS_ASSERTIONS = NO;
				ENABLE_STRICT_OBJC_MSGSEND = YES;
				GCC_C_LANGUAGE_STANDARD = gnu99;
				GCC_NO_COMMON_BLOCKS = YES;
				GCC_WARN_64_TO_32_BIT_CONVERSION = YES;
				GCC_WARN_ABOUT_RETURN_TYPE = YES_ERROR;
				GCC_WARN_UNDECLARED_SELECTOR = YES;
				GCC_WARN_UNINITIALIZED_AUTOS = YES_AGGRESSIVE;
				GCC_WARN_UNUSED_FUNCTION = YES;
				GCC_WARN_UNUSED_VARIABLE = YES;
				IPHONEOS_DEPLOYMENT_TARGET = 10.1;
				MTL_ENABLE_DEBUG_INFO = NO;
				SDKROOT = iphoneos;
				SWIFT_OPTIMIZATION_LEVEL = "-Owholemodule";
				TARGETED_DEVICE_FAMILY = "1,2";
				VALIDATE_PRODUCT = YES;
			};
			name = Release;
		};
		895C129A1DC3CDB100B45F3E /* Debug */ = {
			isa = XCBuildConfiguration;
			buildSettings = {
				ASSETCATALOG_COMPILER_APPICON_NAME = AppIcon;
				DEVELOPMENT_TEAM = KA38Q2K345;
				INFOPLIST_FILE = firstapp/Info.plist;
				LD_RUNPATH_SEARCH_PATHS = "$(inherited) @executable_path/Frameworks";
				PRODUCT_BUNDLE_IDENTIFIER = com.junior.firstapp;
				PRODUCT_NAME = "$(TARGET_NAME)";
				SWIFT_VERSION = 3.0;
			};
			name = Debug;
		};
		895C129B1DC3CDB100B45F3E /* Release */ = {
			isa = XCBuildConfiguration;
			buildSettings = {
				ASSETCATALOG_COMPILER_APPICON_NAME = AppIcon;
				DEVELOPMENT_TEAM = KA38Q2K345;
				INFOPLIST_FILE = firstapp/Info.plist;
				LD_RUNPATH_SEARCH_PATHS = "$(inherited) @executable_path/Frameworks";
				PRODUCT_BUNDLE_IDENTIFIER = com.junior.firstapp;
				PRODUCT_NAME = "$(TARGET_NAME)";
				SWIFT_VERSION = 3.0;
			};
			name = Release;
		};
		895C129D1DC3CDB100B45F3E /* Debug */ = {
			isa = XCBuildConfiguration;
			buildSettings = {
				ALWAYS_EMBED_SWIFT_STANDARD_LIBRARIES = YES;
				BUNDLE_LOADER = "$(TEST_HOST)";
				DEVELOPMENT_TEAM = KA38Q2K345;
				INFOPLIST_FILE = firstappTests/Info.plist;
				LD_RUNPATH_SEARCH_PATHS = "$(inherited) @executable_path/Frameworks @loader_path/Frameworks";
				PRODUCT_BUNDLE_IDENTIFIER = com.junior.firstappTests;
				PRODUCT_NAME = "$(TARGET_NAME)";
				SWIFT_VERSION = 3.0;
				TEST_HOST = "$(BUILT_PRODUCTS_DIR)/firstapp.app/firstapp";
			};
			name = Debug;
		};
		895C129E1DC3CDB100B45F3E /* Release */ = {
			isa = XCBuildConfiguration;
			buildSettings = {
				ALWAYS_EMBED_SWIFT_STANDARD_LIBRARIES = YES;
				BUNDLE_LOADER = "$(TEST_HOST)";
				DEVELOPMENT_TEAM = KA38Q2K345;
				INFOPLIST_FILE = firstappTests/Info.plist;
				LD_RUNPATH_SEARCH_PATHS = "$(inherited) @executable_path/Frameworks @loader_path/Frameworks";
				PRODUCT_BUNDLE_IDENTIFIER = com.junior.firstappTests;
				PRODUCT_NAME = "$(TARGET_NAME)";
				SWIFT_VERSION = 3.0;
				TEST_HOST = "$(BUILT_PRODUCTS_DIR)/firstapp.app/firstapp";
			};
			name = Release;
		};
		895C12A01DC3CDB100B45F3E /* Debug */ = {
			isa = XCBuildConfiguration;
			buildSettings = {
				ALWAYS_EMBED_SWIFT_STANDARD_LIBRARIES = YES;
				DEVELOPMENT_TEAM = KA38Q2K345;
				INFOPLIST_FILE = firstappUITests/Info.plist;
				LD_RUNPATH_SEARCH_PATHS = "$(inherited) @executable_path/Frameworks @loader_path/Frameworks";
				PRODUCT_BUNDLE_IDENTIFIER = com.junior.firstappUITests;
				PRODUCT_NAME = "$(TARGET_NAME)";
				SWIFT_VERSION = 3.0;
				TEST_TARGET_NAME = firstapp;
			};
			name = Debug;
		};
		895C12A11DC3CDB100B45F3E /* Release */ = {
			isa = XCBuildConfiguration;
			buildSettings = {
				ALWAYS_EMBED_SWIFT_STANDARD_LIBRARIES = YES;
				DEVELOPMENT_TEAM = KA38Q2K345;
				INFOPLIST_FILE = firstappUITests/Info.plist;
				LD_RUNPATH_SEARCH_PATHS = "$(inherited) @executable_path/Frameworks @loader_path/Frameworks";
				PRODUCT_BUNDLE_IDENTIFIER = com.junior.firstappUITests;
				PRODUCT_NAME = "$(TARGET_NAME)";
				SWIFT_VERSION = 3.0;
				TEST_TARGET_NAME = firstapp;
			};
			name = Release;
		};
/* End XCBuildConfiguration section */

/* Begin XCConfigurationList section */
		895C126C1DC3CDB100B45F3E /* Build configuration list for PBXProject "firstapp" */ = {
			isa = XCConfigurationList;
			buildConfigurations = (
				895C12971DC3CDB100B45F3E /* Debug */,
				895C12981DC3CDB100B45F3E /* Release */,
			);
			defaultConfigurationIsVisible = 0;
			defaultConfigurationName = Release;
		};
		895C12991DC3CDB100B45F3E /* Build configuration list for PBXNativeTarget "firstapp" */ = {
			isa = XCConfigurationList;
			buildConfigurations = (
				895C129A1DC3CDB100B45F3E /* Debug */,
				895C129B1DC3CDB100B45F3E /* Release */,
			);
			defaultConfigurationIsVisible = 0;
		};
		895C129C1DC3CDB100B45F3E /* Build configuration list for PBXNativeTarget "firstappTests" */ = {
			isa = XCConfigurationList;
			buildConfigurations = (
				895C129D1DC3CDB100B45F3E /* Debug */,
				895C129E1DC3CDB100B45F3E /* Release */,
			);
			defaultConfigurationIsVisible = 0;
		};
		895C129F1DC3CDB100B45F3E /* Build configuration list for PBXNativeTarget "firstappUITests" */ = {
			isa = XCConfigurationList;
			buildConfigurations = (
				895C12A01DC3CDB100B45F3E /* Debug */,
				895C12A11DC3CDB100B45F3E /* Release */,
			);
			defaultConfigurationIsVisible = 0;
		};
/* End XCConfigurationList section */
	};
	rootObject = 895C12691DC3CDB100B45F3E /* Project object */;
}
